
Microsoft Visual Studio Solution File, Format Version 12.00
# Visual Studio Version 16
VisualStudioVersion = 16.0.31702.278
MinimumVisualStudioVersion = 10.0.40219.1
Project("{FAE04EC0-301F-11D3-BF4B-00C04F79EFBC}") = "мячик", "мячик\мячик.csproj", "{C23144AD-B367-47C8-938B-DAAB978B13E3}"
EndProject
Global
	GlobalSection(SolutionConfigurationPlatforms) = preSolution
		Debug|Any CPU = Debug|Any CPU
		Release|Any CPU = Release|Any CPU
	EndGlobalSection
	GlobalSection(ProjectConfigurationPlatforms) = postSolution
		{C23144AD-B367-47C8-938B-DAAB978B13E3}.Debug|Any CPU.ActiveCfg = Debug|Any CPU
		{C23144AD-B367-47C8-938B-DAAB978B13E3}.Debug|Any CPU.Build.0 = Debug|Any CPU
		{C23144AD-B367-47C8-938B-DAAB978B13E3}.Release|Any CPU.ActiveCfg = Release|Any CPU
		{C23144AD-B367-47C8-938B-DAAB978B13E3}.Release|Any CPU.Build.0 = Release|Any CPU
	EndGlobalSection
	GlobalSection(SolutionProperties) = preSolution
		HideSolutionNode = FALSE
	EndGlobalSection
	GlobalSection(ExtensibilityGlobals) = postSolution
		SolutionGuid = {5E1F8D6D-FE3D-45C5-8FD0-26EAA3A05EDE}
	EndGlobalSection
EndGlobal
